
Microsoft Visual Studio Solution File, Format Version 12.00
# Visual Studio Version 17
VisualStudioVersion = 17.0.31919.166
MinimumVisualStudioVersion = 10.0.40219.1
Project("{FAE04EC0-301F-11D3-BF4B-00C04F79EFBC}") = "ExamWeb", "ExamWeb\ExamWeb.csproj", "{D5204F69-70EF-4400-A57F-8B6E9982C3D4}"
EndProject
Project("{FAE04EC0-301F-11D3-BF4B-00C04F79EFBC}") = "DBConnecter", "DBConnecter\DBConnecter.csproj", "{FE157ED8-4823-404F-8B8D-5673BBE90AD4}"
EndProject
Global
	GlobalSection(SolutionConfigurationPlatforms) = preSolution
		Debug|Any CPU = Debug|Any CPU
		Release|Any CPU = Release|Any CPU
	EndGlobalSection
	GlobalSection(ProjectConfigurationPlatforms) = postSolution
		{D5204F69-70EF-4400-A57F-8B6E9982C3D4}.Debug|Any CPU.ActiveCfg = Debug|Any CPU
		{D5204F69-70EF-4400-A57F-8B6E9982C3D4}.Debug|Any CPU.Build.0 = Debug|Any CPU
		{D5204F69-70EF-4400-A57F-8B6E9982C3D4}.Release|Any CPU.ActiveCfg = Release|Any CPU
		{D5204F69-70EF-4400-A57F-8B6E9982C3D4}.Release|Any CPU.Build.0 = Release|Any CPU
		{FE157ED8-4823-404F-8B8D-5673BBE90AD4}.Debug|Any CPU.ActiveCfg = Debug|Any CPU
		{FE157ED8-4823-404F-8B8D-5673BBE90AD4}.Debug|Any CPU.Build.0 = Debug|Any CPU
		{FE157ED8-4823-404F-8B8D-5673BBE90AD4}.Release|Any CPU.ActiveCfg = Release|Any CPU
		{FE157ED8-4823-404F-8B8D-5673BBE90AD4}.Release|Any CPU.Build.0 = Release|Any CPU
	EndGlobalSection
	GlobalSection(SolutionProperties) = preSolution
		HideSolutionNode = FALSE
	EndGlobalSection
	GlobalSection(ExtensibilityGlobals) = postSolution
		SolutionGuid = {B21C9A07-6807-49CC-8B67-89E741BDBDA6}
	EndGlobalSection
EndGlobal
